
Microsoft Visual Studio Solution File, Format Version 12.00
# Visual Studio Version 17
VisualStudioVersion = 17.5.33516.290
MinimumVisualStudioVersion = 10.0.40219.1
Project("{FAE04EC0-301F-11D3-BF4B-00C04F79EFBC}") = "eb96performs", "eb96performs\eb96performs.csproj", "{28959EBB-AC24-477F-9188-377C130D0410}"
EndProject
Global
	GlobalSection(SolutionConfigurationPlatforms) = preSolution
		Debug|Any CPU = Debug|Any CPU
		Release|Any CPU = Release|Any CPU
	EndGlobalSection
	GlobalSection(ProjectConfigurationPlatforms) = postSolution
		{28959EBB-AC24-477F-9188-377C130D0410}.Debug|Any CPU.ActiveCfg = Debug|Any CPU
		{28959EBB-AC24-477F-9188-377C130D0410}.Debug|Any CPU.Build.0 = Debug|Any CPU
		{28959EBB-AC24-477F-9188-377C130D0410}.Release|Any CPU.ActiveCfg = Release|Any CPU
		{28959EBB-AC24-477F-9188-377C130D0410}.Release|Any CPU.Build.0 = Release|Any CPU
	EndGlobalSection
	GlobalSection(SolutionProperties) = preSolution
		HideSolutionNode = FALSE
	EndGlobalSection
	GlobalSection(ExtensibilityGlobals) = postSolution
		SolutionGuid = {F230E282-72DE-4B72-A1EA-DAF130026B9A}
	EndGlobalSection
EndGlobal
